#
# ATTENTION CE FICHIER EST GENERE AUTOMATIQUEMENT !
#

version: 1.10.0
generatedFiles:
  - ..\topmodel\Securite\Profil\01_References.tmd
  - ..\topmodel\Securite\Profil\03_Dtos.tmd
  - ..\topmodel\Securite\Utilisateur\01_References.tmd
  - ..\topmodel\Securite\Utilisateur\03_Dtos.tmd
  - ..\topmodel\Securite\Utilisateur\04_Utilisateur.tmd
  - .\jpa\src\main\javagen\topmodel\exemple\name\api\controller\securite\profil\IDtosController.java
  - .\jpa\src\main\javagen\topmodel\exemple\name\api\controller\securite\profil\IEntitiesController.java
  - .\jpa\src\main\javagen\topmodel\exemple\name\api\controller\securite\profil\IReferencesController.java
  - .\jpa\src\main\javagen\topmodel\exemple\name\api\controller\securite\utilisateur\IDtosController.java
  - .\jpa\src\main\javagen\topmodel\exemple\name\api\controller\securite\utilisateur\IEntitiesController.java
  - .\jpa\src\main\javagen\topmodel\exemple\name\api\controller\securite\utilisateur\IReferencesController.java
  - .\jpa\src\main\javagen\topmodel\exemple\name\api\controller\securite\utilisateur\IUtilisateurController.java
  - .\jpa\src\main\javagen\topmodel\exemple\name\api\controller\utilisateur\IDecoratorsController.java
  - .\jpa\src\main\javagen\topmodel\exemple\name\dao\daos\securite\profil\ProfilDAO.java
  - .\jpa\src\main\javagen\topmodel\exemple\name\dao\daos\securite\profil\ProfilDtoDAO.java
  - .\jpa\src\main\javagen\topmodel\exemple\name\dao\daos\securite\profil\TypeProfilDAO.java
  - .\jpa\src\main\javagen\topmodel\exemple\name\dao\daos\securite\utilisateur\TypeUtilisateurDAO.java
  - .\jpa\src\main\javagen\topmodel\exemple\name\dao\daos\securite\utilisateur\UtilisateurDAO.java
  - .\jpa\src\main\javagen\topmodel\exemple\name\dao\daos\securite\utilisateur\UtilisateurDtoDAO.java
  - .\jpa\src\main\javagen\topmodel\exemple\name\dao\dtos\securite\profil\interfaces\IProfilDto.java
  - .\jpa\src\main\javagen\topmodel\exemple\name\dao\dtos\securite\profil\ProfilDto.java
  - .\jpa\src\main\javagen\topmodel\exemple\name\dao\dtos\securite\utilisateur\interfaces\IUtilisateurDto.java
  - .\jpa\src\main\javagen\topmodel\exemple\name\dao\dtos\securite\utilisateur\UtilisateurDto.java
  - .\jpa\src\main\javagen\topmodel\exemple\name\dao\entities\securite\profil\interfaces\IProfil.java
  - .\jpa\src\main\javagen\topmodel\exemple\name\dao\entities\securite\profil\interfaces\ITypeProfil.java
  - .\jpa\src\main\javagen\topmodel\exemple\name\dao\entities\securite\profil\Profil.java
  - .\jpa\src\main\javagen\topmodel\exemple\name\dao\entities\securite\profil\TypeProfil.java
  - .\jpa\src\main\javagen\topmodel\exemple\name\dao\entities\securite\utilisateur\interfaces\ITypeUtilisateur.java
  - .\jpa\src\main\javagen\topmodel\exemple\name\dao\entities\securite\utilisateur\interfaces\IUtilisateur.java
  - .\jpa\src\main\javagen\topmodel\exemple\name\dao\entities\securite\utilisateur\TypeUtilisateur.java
  - .\jpa\src\main\javagen\topmodel\exemple\name\dao\entities\securite\utilisateur\Utilisateur.java
  - .\js\appgenerated\api\securite\utilisateur\utilisateur.ts
  - .\js\appgenerated\model\securite\profil\profil-dto.ts
  - .\js\appgenerated\model\securite\profil\references.ts
  - .\js\appgenerated\model\securite\utilisateur\references.ts
  - .\js\appgenerated\model\securite\utilisateur\utilisateur-dto.ts
  - .\js\appgenerated\resources\securite\profil.ts
  - .\js\appgenerated\resources\securite\utilisateur.ts
  - .\pg\model\init-references.sql
